
Microsoft Visual Studio Solution File, Format Version 12.00
# Visual Studio 14
VisualStudioVersion = 14.0.25420.1
MinimumVisualStudioVersion = 10.0.40219.1
Project("{FAE04EC0-301F-11D3-BF4B-00C04F79EFBC}") = "Abantu-System", "AbantuTech\Abantu-System.csproj", "{57DF01DE-1CCB-441F-A613-EB7206D414DE}"
EndProject
Project("{FAE04EC0-301F-11D3-BF4B-00C04F79EFBC}") = "Abantu-Tech", "Abantu-Tech\Abantu-Tech.csproj", "{5F1B01ED-A35E-4400-A2D0-A3CBC4326935}"
EndProject
Global
	GlobalSection(SolutionConfigurationPlatforms) = preSolution
		Debug|Any CPU = Debug|Any CPU
		Release|Any CPU = Release|Any CPU
	EndGlobalSection
	GlobalSection(ProjectConfigurationPlatforms) = postSolution
		{57DF01DE-1CCB-441F-A613-EB7206D414DE}.Debug|Any CPU.ActiveCfg = Debug|Any CPU
		{57DF01DE-1CCB-441F-A613-EB7206D414DE}.Debug|Any CPU.Build.0 = Debug|Any CPU
		{57DF01DE-1CCB-441F-A613-EB7206D414DE}.Release|Any CPU.ActiveCfg = Release|Any CPU
		{57DF01DE-1CCB-441F-A613-EB7206D414DE}.Release|Any CPU.Build.0 = Release|Any CPU
		{5F1B01ED-A35E-4400-A2D0-A3CBC4326935}.Debug|Any CPU.ActiveCfg = Debug|Any CPU
		{5F1B01ED-A35E-4400-A2D0-A3CBC4326935}.Debug|Any CPU.Build.0 = Debug|Any CPU
		{5F1B01ED-A35E-4400-A2D0-A3CBC4326935}.Release|Any CPU.ActiveCfg = Release|Any CPU
		{5F1B01ED-A35E-4400-A2D0-A3CBC4326935}.Release|Any CPU.Build.0 = Release|Any CPU
	EndGlobalSection
	GlobalSection(SolutionProperties) = preSolution
		HideSolutionNode = FALSE
	EndGlobalSection
EndGlobal
